// !$*UTF8*$!
{
	archiveVersion = 1;
	classes = {
	};
	objectVersion = 46;
	objects = {

/* Begin PBXBuildFile section */
		CB2393B51C81481700B6B593 /* AppDelegate.swift in Sources */ = {isa = PBXBuildFile; fileRef = CB2393B41C81481700B6B593 /* AppDelegate.swift */; };
		CB2393B71C81481700B6B593 /* ViewController.swift in Sources */ = {isa = PBXBuildFile; fileRef = CB2393B61C81481700B6B593 /* ViewController.swift */; };
		CB2393BA1C81481700B6B593 /* Main.storyboard in Resources */ = {isa = PBXBuildFile; fileRef = CB2393B81C81481700B6B593 /* Main.storyboard */; };
		CB2393BC1C81481700B6B593 /* Assets.xcassets in Resources */ = {isa = PBXBuildFile; fileRef = CB2393BB1C81481700B6B593 /* Assets.xcassets */; };
		CB2393BF1C81481700B6B593 /* LaunchScreen.storyboard in Resources */ = {isa = PBXBuildFile; fileRef = CB2393BD1C81481700B6B593 /* LaunchScreen.storyboard */; };
		CB2393CA1C81481700B6B593 /* Tipping_KittyTests.swift in Sources */ = {isa = PBXBuildFile; fileRef = CB2393C91C81481700B6B593 /* Tipping_KittyTests.swift */; };
		CB2393D51C81481700B6B593 /* Tipping_KittyUITests.swift in Sources */ = {isa = PBXBuildFile; fileRef = CB2393D41C81481700B6B593 /* Tipping_KittyUITests.swift */; };
		CB2393E31C82AD7300B6B593 /* SettingsViewController.swift in Sources */ = {isa = PBXBuildFile; fileRef = CB2393E21C82AD7300B6B593 /* SettingsViewController.swift */; };
/* End PBXBuildFile section */

/* Begin PBXContainerItemProxy section */
		CB2393C61C81481700B6B593 /* PBXContainerItemProxy */ = {
			isa = PBXContainerItemProxy;
			containerPortal = CB2393A91C81481600B6B593 /* Project object */;
			proxyType = 1;
			remoteGlobalIDString = CB2393B01C81481700B6B593;
			remoteInfo = "Tipping Kitty";
		};
		CB2393D11C81481700B6B593 /* PBXContainerItemProxy */ = {
			isa = PBXContainerItemProxy;
			containerPortal = CB2393A91C81481600B6B593 /* Project object */;
			proxyType = 1;
			remoteGlobalIDString = CB2393B01C81481700B6B593;
			remoteInfo = "Tipping Kitty";
		};
/* End PBXContainerItemProxy section */

/* Begin PBXFileReference section */
		CB2393B11C81481700B6B593 /* Tipping Kitty.app */ = {isa = PBXFileReference; explicitFileType = wrapper.application; includeInIndex = 0; path = "Tipping Kitty.app"; sourceTree = BUILT_PRODUCTS_DIR; };
		CB2393B41C81481700B6B593 /* AppDelegate.swift */ = {isa = PBXFileReference; lastKnownFileType = sourcecode.swift; path = AppDelegate.swift; sourceTree = "<group>"; };
		CB2393B61C81481700B6B593 /* ViewController.swift */ = {isa = PBXFileReference; lastKnownFileType = sourcecode.swift; path = ViewController.swift; sourceTree = "<group>"; };
		CB2393B91C81481700B6B593 /* Base */ = {isa = PBXFileReference; lastKnownFileType = file.storyboard; name = Base; path = Base.lproj/Main.storyboard; sourceTree = "<group>"; };
		CB2393BB1C81481700B6B593 /* Assets.xcassets */ = {isa = PBXFileReference; lastKnownFileType = folder.assetcatalog; path = Assets.xcassets; sourceTree = "<group>"; };
		CB2393BE1C81481700B6B593 /* Base */ = {isa = PBXFileReference; lastKnownFileType = file.storyboard; name = Base; path = Base.lproj/LaunchScreen.storyboard; sourceTree = "<group>"; };
		CB2393C01C81481700B6B593 /* Info.plist */ = {isa = PBXFileReference; lastKnownFileType = text.plist.xml; path = Info.plist; sourceTree = "<group>"; };
		CB2393C51C81481700B6B593 /* Tipping KittyTests.xctest */ = {isa = PBXFileReference; explicitFileType = wrapper.cfbundle; includeInIndex = 0; path = "Tipping KittyTests.xctest"; sourceTree = BUILT_PRODUCTS_DIR; };
		CB2393C91C81481700B6B593 /* Tipping_KittyTests.swift */ = {isa = PBXFileReference; lastKnownFileType = sourcecode.swift; path = Tipping_KittyTests.swift; sourceTree = "<group>"; };
		CB2393CB1C81481700B6B593 /* Info.plist */ = {isa = PBXFileReference; lastKnownFileType = text.plist.xml; path = Info.plist; sourceTree = "<group>"; };
		CB2393D01C81481700B6B593 /* Tipping KittyUITests.xctest */ = {isa = PBXFileReference; explicitFileType = wrapper.cfbundle; includeInIndex = 0; path = "Tipping KittyUITests.xctest"; sourceTree = BUILT_PRODUCTS_DIR; };
		CB2393D41C81481700B6B593 /* Tipping_KittyUITests.swift */ = {isa = PBXFileReference; lastKnownFileType = sourcecode.swift; path = Tipping_KittyUITests.swift; sourceTree = "<group>"; };
		CB2393D61C81481700B6B593 /* Info.plist */ = {isa = PBXFileReference; lastKnownFileType = text.plist.xml; path = Info.plist; sourceTree = "<group>"; };
		CB2393E21C82AD7300B6B593 /* SettingsViewController.swift */ = {isa = PBXFileReference; fileEncoding = 4; lastKnownFileType = sourcecode.swift; path = SettingsViewController.swift; sourceTree = "<group>"; };
/* End PBXFileReference section */

/* Begin PBXFrameworksBuildPhase section */
		CB2393AE1C81481700B6B593 /* Frameworks */ = {
			isa = PBXFrameworksBuildPhase;
			buildActionMask = 2147483647;
			files = (
			);
			runOnlyForDeploymentPostprocessing = 0;
		};
		CB2393C21C81481700B6B593 /* Frameworks */ = {
			isa = PBXFrameworksBuildPhase;
			buildActionMask = 2147483647;
			files = (
			);
			runOnlyForDeploymentPostprocessing = 0;
		};
		CB2393CD1C81481700B6B593 /* Frameworks */ = {
			isa = PBXFrameworksBuildPhase;
			buildActionMask = 2147483647;
			files = (
			);
			runOnlyForDeploymentPostprocessing = 0;
		};
/* End PBXFrameworksBuildPhase section */

/* Begin PBXGroup section */
		CB2393A81C81481600B6B593 = {
			isa = PBXGroup;
			children = (
				CB2393B31C81481700B6B593 /* Tipping Kitty */,
				CB2393C81C81481700B6B593 /* Tipping KittyTests */,
				CB2393D31C81481700B6B593 /* Tipping KittyUITests */,
				CB2393B21C81481700B6B593 /* Products */,
			);
			sourceTree = "<group>";
		};
		CB2393B21C81481700B6B593 /* Products */ = {
			isa = PBXGroup;
			children = (
				CB2393B11C81481700B6B593 /* Tipping Kitty.app */,
				CB2393C51C81481700B6B593 /* Tipping KittyTests.xctest */,
				CB2393D01C81481700B6B593 /* Tipping KittyUITests.xctest */,
			);
			name = Products;
			sourceTree = "<group>";
		};
		CB2393B31C81481700B6B593 /* Tipping Kitty */ = {
			isa = PBXGroup;
			children = (
				CB2393B41C81481700B6B593 /* AppDelegate.swift */,
				CB2393B61C81481700B6B593 /* ViewController.swift */,
				CB2393B81C81481700B6B593 /* Main.storyboard */,
				CB2393E21C82AD7300B6B593 /* SettingsViewController.swift */,
				CB2393BB1C81481700B6B593 /* Assets.xcassets */,
				CB2393BD1C81481700B6B593 /* LaunchScreen.storyboard */,
				CB2393C01C81481700B6B593 /* Info.plist */,
			);
			path = "Tipping Kitty";
			sourceTree = "<group>";
		};
		CB2393C81C81481700B6B593 /* Tipping KittyTests */ = {
			isa = PBXGroup;
			children = (
				CB2393C91C81481700B6B593 /* Tipping_KittyTests.swift */,
				CB2393CB1C81481700B6B593 /* Info.plist */,
			);
			path = "Tipping KittyTests";
			sourceTree = "<group>";
		};
		CB2393D31C81481700B6B593 /* Tipping KittyUITests */ = {
			isa = PBXGroup;
			children = (
				CB2393D41C81481700B6B593 /* Tipping_KittyUITests.swift */,
				CB2393D61C81481700B6B593 /* Info.plist */,
			);
			path = "Tipping KittyUITests";
			sourceTree = "<group>";
		};
/* End PBXGroup section */

/* Begin PBXNativeTarget section */
		CB2393B01C81481700B6B593 /* Tipping Kitty */ = {
			isa = PBXNativeTarget;
			buildConfigurationList = CB2393D91C81481700B6B593 /* Build configuration list for PBXNativeTarget "Tipping Kitty" */;
			buildPhases = (
				CB2393AD1C81481700B6B593 /* Sources */,
				CB2393AE1C81481700B6B593 /* Frameworks */,
				CB2393AF1C81481700B6B593 /* Resources */,
			);
			buildRules = (
			);
			dependencies = (
			);
			name = "Tipping Kitty";
			productName = "Tipping Kitty";
			productReference = CB2393B11C81481700B6B593 /* Tipping Kitty.app */;
			productType = "com.apple.product-type.application";
		};
		CB2393C41C81481700B6B593 /* Tipping KittyTests */ = {
			isa = PBXNativeTarget;
			buildConfigurationList = CB2393DC1C81481700B6B593 /* Build configuration list for PBXNativeTarget "Tipping KittyTests" */;
			buildPhases = (
				CB2393C11C81481700B6B593 /* Sources */,
				CB2393C21C81481700B6B593 /* Frameworks */,
				CB2393C31C81481700B6B593 /* Resources */,
			);
			buildRules = (
			);
			dependencies = (
				CB2393C71C81481700B6B593 /* PBXTargetDependency */,
			);
			name = "Tipping KittyTests";
			productName = "Tipping KittyTests";
			productReference = CB2393C51C81481700B6B593 /* Tipping KittyTests.xctest */;
			productType = "com.apple.product-type.bundle.unit-test";
		};
		CB2393CF1C81481700B6B593 /* Tipping KittyUITests */ = {
			isa = PBXNativeTarget;
			buildConfigurationList = CB2393DF1C81481700B6B593 /* Build configuration list for PBXNativeTarget "Tipping KittyUITests" */;
			buildPhases = (
				CB2393CC1C81481700B6B593 /* Sources */,
				CB2393CD1C81481700B6B593 /* Frameworks */,
				CB2393CE1C81481700B6B593 /* Resources */,
			);
			buildRules = (
			);
			dependencies = (
				CB2393D21C81481700B6B593 /* PBXTargetDependency */,
			);
			name = "Tipping KittyUITests";
			productName = "Tipping KittyUITests";
			productReference = CB2393D01C81481700B6B593 /* Tipping KittyUITests.xctest */;
			productType = "com.apple.product-type.bundle.ui-testing";
		};
/* End PBXNativeTarget section */

/* Begin PBXProject section */
		CB2393A91C81481600B6B593 /* Project object */ = {
			isa = PBXProject;
			attributes = {
				LastSwiftUpdateCheck = 0720;
				LastUpgradeCheck = 0720;
				ORGANIZATIONNAME = "Nguyen Do";
				TargetAttributes = {
					CB2393B01C81481700B6B593 = {
						CreatedOnToolsVersion = 7.2;
						DevelopmentTeam = HHM8N6W27Z;
					};
					CB2393C41C81481700B6B593 = {
						CreatedOnToolsVersion = 7.2;
						DevelopmentTeam = HHM8N6W27Z;
						TestTargetID = CB2393B01C81481700B6B593;
					};
					CB2393CF1C81481700B6B593 = {
						CreatedOnToolsVersion = 7.2;
						DevelopmentTeam = HHM8N6W27Z;
						TestTargetID = CB2393B01C81481700B6B593;
					};
				};
			};
			buildConfigurationList = CB2393AC1C81481600B6B593 /* Build configuration list for PBXProject "Tipping Kitty" */;
			compatibilityVersion = "Xcode 3.2";
			developmentRegion = English;
			hasScannedForEncodings = 0;
			knownRegions = (
				en,
				Base,
			);
			mainGroup = CB2393A81C81481600B6B593;
			productRefGroup = CB2393B21C81481700B6B593 /* Products */;
			projectDirPath = "";
			projectRoot = "";
			targets = (
				CB2393B01C81481700B6B593 /* Tipping Kitty */,
				CB2393C41C81481700B6B593 /* Tipping KittyTests */,
				CB2393CF1C81481700B6B593 /* Tipping KittyUITests */,
			);
		};
/* End PBXProject section */

/* Begin PBXResourcesBuildPhase section */
		CB2393AF1C81481700B6B593 /* Resources */ = {
			isa = PBXResourcesBuildPhase;
			buildActionMask = 2147483647;
			files = (
				CB2393BF1C81481700B6B593 /* LaunchScreen.storyboard in Resources */,
				CB2393BC1C81481700B6B593 /* Assets.xcassets in Resources */,
				CB2393BA1C81481700B6B593 /* Main.storyboard in Resources */,
			);
			runOnlyForDeploymentPostprocessing = 0;
		};
		CB2393C31C81481700B6B593 /* Resources */ = {
			isa = PBXResourcesBuildPhase;
			buildActionMask = 2147483647;
			files = (
			);
			runOnlyForDeploymentPostprocessing = 0;
		};
		CB2393CE1C81481700B6B593 /* Resources */ = {
			isa = PBXResourcesBuildPhase;
			buildActionMask = 2147483647;
			files = (
			);
			runOnlyForDeploymentPostprocessing = 0;
		};
/* End PBXResourcesBuildPhase section */

/* Begin PBXSourcesBuildPhase section */
		CB2393AD1C81481700B6B593 /* Sources */ = {
			isa = PBXSourcesBuildPhase;
			buildActionMask = 2147483647;
			files = (
				CB2393B71C81481700B6B593 /* ViewController.swift in Sources */,
				CB2393B51C81481700B6B593 /* AppDelegate.swift in Sources */,
				CB2393E31C82AD7300B6B593 /* SettingsViewController.swift in Sources */,
			);
			runOnlyForDeploymentPostprocessing = 0;
		};
		CB2393C11C81481700B6B593 /* Sources */ = {
			isa = PBXSourcesBuildPhase;
			buildActionMask = 2147483647;
			files = (
				CB2393CA1C81481700B6B593 /* Tipping_KittyTests.swift in Sources */,
			);
			runOnlyForDeploymentPostprocessing = 0;
		};
		CB2393CC1C81481700B6B593 /* Sources */ = {
			isa = PBXSourcesBuildPhase;
			buildActionMask = 2147483647;
			files = (
				CB2393D51C81481700B6B593 /* Tipping_KittyUITests.swift in Sources */,
			);
			runOnlyForDeploymentPostprocessing = 0;
		};
/* End PBXSourcesBuildPhase section */

/* Begin PBXTargetDependency section */
		CB2393C71C81481700B6B593 /* PBXTargetDependency */ = {
			isa = PBXTargetDependency;
			target = CB2393B01C81481700B6B593 /* Tipping Kitty */;
			targetProxy = CB2393C61C81481700B6B593 /* PBXContainerItemProxy */;
		};
		CB2393D21C81481700B6B593 /* PBXTargetDependency */ = {
			isa = PBXTargetDependency;
			target = CB2393B01C81481700B6B593 /* Tipping Kitty */;
			targetProxy = CB2393D11C81481700B6B593 /* PBXContainerItemProxy */;
		};
/* End PBXTargetDependency section */

/* Begin PBXVariantGroup section */
		CB2393B81C81481700B6B593 /* Main.storyboard */ = {
			isa = PBXVariantGroup;
			children = (
				CB2393B91C81481700B6B593 /* Base */,
			);
			name = Main.storyboard;
			sourceTree = "<group>";
		};
		CB2393BD1C81481700B6B593 /* LaunchScreen.storyboard */ = {
			isa = PBXVariantGroup;
			children = (
				CB2393BE1C81481700B6B593 /* Base */,
			);
			name = LaunchScreen.storyboard;
			sourceTree = "<group>";
		};
/* End PBXVariantGroup section */

/* Begin XCBuildConfiguration section */
		CB2393D71C81481700B6B593 /* Debug */ = {
			isa = XCBuildConfiguration;
			buildSettings = {
				ALWAYS_SEARCH_USER_PATHS = NO;
				CLANG_CXX_LANGUAGE_STANDARD = "gnu++0x";
				CLANG_CXX_LIBRARY = "libc++";
				CLANG_ENABLE_MODULES = YES;
				CLANG_ENABLE_OBJC_ARC = YES;
				CLANG_WARN_BOOL_CONVERSION = YES;
				CLANG_WARN_CONSTANT_CONVERSION = YES;
				CLANG_WARN_DIRECT_OBJC_ISA_USAGE = YES_ERROR;
				CLANG_WARN_EMPTY_BODY = YES;
				CLANG_WARN_ENUM_CONVERSION = YES;
				CLANG_WARN_INT_CONVERSION = YES;
				CLANG_WARN_OBJC_ROOT_CLASS = YES_ERROR;
				CLANG_WARN_UNREACHABLE_CODE = YES;
				CLANG_WARN__DUPLICATE_METHOD_MATCH = YES;
				"CODE_SIGN_IDENTITY[sdk=iphoneos*]" = "iPhone Developer";
				COPY_PHASE_STRIP = NO;
				DEBUG_INFORMATION_FORMAT = dwarf;
				ENABLE_STRICT_OBJC_MSGSEND = YES;
				ENABLE_TESTABILITY = YES;
				GCC_C_LANGUAGE_STANDARD = gnu99;
				GCC_DYNAMIC_NO_PIC = NO;
				GCC_NO_COMMON_BLOCKS = YES;
				GCC_OPTIMIZATION_LEVEL = 0;
				GCC_PREPROCESSOR_DEFINITIONS = (
					"DEBUG=1",
					"$(inherited)",
				);
				GCC_WARN_64_TO_32_BIT_CONVERSION = YES;
				GCC_WARN_ABOUT_RETURN_TYPE = YES_ERROR;
				GCC_WARN_UNDECLARED_SELECTOR = YES;
				GCC_WARN_UNINITIALIZED_AUTOS = YES_AGGRESSIVE;
				GCC_WARN_UNUSED_FUNCTION = YES;
				GCC_WARN_UNUSED_VARIABLE = YES;
				IPHONEOS_DEPLOYMENT_TARGET = 9.2;
				MTL_ENABLE_DEBUG_INFO = YES;
				ONLY_ACTIVE_ARCH = YES;
				SDKROOT = iphoneos;
				SWIFT_OPTIMIZATION_LEVEL = "-Onone";
			};
			name = Debug;
		};
		CB2393D81C81481700B6B593 /* Release */ = {
			isa = XCBuildConfiguration;
			buildSettings = {
				ALWAYS_SEARCH_USER_PATHS = NO;
				CLANG_CXX_LANGUAGE_STANDARD = "gnu++0x";
				CLANG_CXX_LIBRARY = "libc++";
				CLANG_ENABLE_MODULES = YES;
				CLANG_ENABLE_OBJC_ARC = YES;
				CLANG_WARN_BOOL_CONVERSION = YES;
				CLANG_WARN_CONSTANT_CONVERSION = YES;
				CLANG_WARN_DIRECT_OBJC_ISA_USAGE = YES_ERROR;
				CLANG_WARN_EMPTY_BODY = YES;
				CLANG_WARN_ENUM_CONVERSION = YES;
				CLANG_WARN_INT_CONVERSION = YES;
				CLANG_WARN_OBJC_ROOT_CLASS = YES_ERROR;
				CLANG_WARN_UNREACHABLE_CODE = YES;
				CLANG_WARN__DUPLICATE_METHOD_MATCH = YES;
				"CODE_SIGN_IDENTITY[sdk=iphoneos*]" = "iPhone Developer";
				COPY_PHASE_STRIP = NO;
				DEBUG_INFORMATION_FORMAT = "dwarf-with-dsym";
				ENABLE_NS_ASSERTIONS = NO;
				ENABLE_STRICT_OBJC_MSGSEND = YES;
				GCC_C_LANGUAGE_STANDARD = gnu99;
				GCC_NO_COMMON_BLOCKS = YES;
				GCC_WARN_64_TO_32_BIT_CONVERSION = YES;
				GCC_WARN_ABOUT_RETURN_TYPE = YES_ERROR;
				GCC_WARN_UNDECLARED_SELECTOR = YES;
				GCC_WARN_UNINITIALIZED_AUTOS = YES_AGGRESSIVE;
				GCC_WARN_UNUSED_FUNCTION = YES;
				GCC_WARN_UNUSED_VARIABLE = YES;
				IPHONEOS_DEPLOYMENT_TARGET = 9.2;
				MTL_ENABLE_DEBUG_INFO = NO;
				SDKROOT = iphoneos;
				VALIDATE_PRODUCT = YES;
			};
			name = Release;
		};
		CB2393DA1C81481700B6B593 /* Debug */ = {
			isa = XCBuildConfiguration;
			buildSettings = {
				ASSETCATALOG_COMPILER_APPICON_NAME = AppIcon;
				CODE_SIGN_IDENTITY = "iPhone Developer";
				INFOPLIST_FILE = "Tipping Kitty/Info.plist";
				LD_RUNPATH_SEARCH_PATHS = "$(inherited) @executable_path/Frameworks";
				PRODUCT_BUNDLE_IDENTIFIER = "com.facebook.dothanhnguyen.Tipping-Kitty";
				PRODUCT_NAME = "$(TARGET_NAME)";
			};
			name = Debug;
		};
		CB2393DB1C81481700B6B593 /* Release */ = {
			isa = XCBuildConfiguration;
			buildSettings = {
				ASSETCATALOG_COMPILER_APPICON_NAME = AppIcon;
				CODE_SIGN_IDENTITY = "iPhone Developer";
				INFOPLIST_FILE = "Tipping Kitty/Info.plist";
				LD_RUNPATH_SEARCH_PATHS = "$(inherited) @executable_path/Frameworks";
				PRODUCT_BUNDLE_IDENTIFIER = "com.facebook.dothanhnguyen.Tipping-Kitty";
				PRODUCT_NAME = "$(TARGET_NAME)";
			};
			name = Release;
		};
		CB2393DD1C81481700B6B593 /* Debug */ = {
			isa = XCBuildConfiguration;
			buildSettings = {
				BUNDLE_LOADER = "$(TEST_HOST)";
				INFOPLIST_FILE = "Tipping KittyTests/Info.plist";
				LD_RUNPATH_SEARCH_PATHS = "$(inherited) @executable_path/Frameworks @loader_path/Frameworks";
				PRODUCT_BUNDLE_IDENTIFIER = "com.facebook.dothanhnguyen.Tipping-KittyTests";
				PRODUCT_NAME = "$(TARGET_NAME)";
				TEST_HOST = "$(BUILT_PRODUCTS_DIR)/Tipping Kitty.app/Tipping Kitty";
			};
			name = Debug;
		};
		CB2393DE1C81481700B6B593 /* Release */ = {
			isa = XCBuildConfiguration;
			buildSettings = {
				BUNDLE_LOADER = "$(TEST_HOST)";
				INFOPLIST_FILE = "Tipping KittyTests/Info.plist";
				LD_RUNPATH_SEARCH_PATHS = "$(inherited) @executable_path/Frameworks @loader_path/Frameworks";
				PRODUCT_BUNDLE_IDENTIFIER = "com.facebook.dothanhnguyen.Tipping-KittyTests";
				PRODUCT_NAME = "$(TARGET_NAME)";
				TEST_HOST = "$(BUILT_PRODUCTS_DIR)/Tipping Kitty.app/Tipping Kitty";
			};
			name = Release;
		};
		CB2393E01C81481700B6B593 /* Debug */ = {
			isa = XCBuildConfiguration;
			buildSettings = {
				INFOPLIST_FILE = "Tipping KittyUITests/Info.plist";
				LD_RUNPATH_SEARCH_PATHS = "$(inherited) @executable_path/Frameworks @loader_path/Frameworks";
				PRODUCT_BUNDLE_IDENTIFIER = "com.facebook.dothanhnguyen.Tipping-KittyUITests";
				PRODUCT_NAME = "$(TARGET_NAME)";
				TEST_TARGET_NAME = "Tipping Kitty";
				USES_XCTRUNNER = YES;
			};
			name = Debug;
		};
		CB2393E11C81481700B6B593 /* Release */ = {
			isa = XCBuildConfiguration;
			buildSettings = {
				INFOPLIST_FILE = "Tipping KittyUITests/Info.plist";
				LD_RUNPATH_SEARCH_PATHS = "$(inherited) @executable_path/Frameworks @loader_path/Frameworks";
				PRODUCT_BUNDLE_IDENTIFIER = "com.facebook.dothanhnguyen.Tipping-KittyUITests";
				PRODUCT_NAME = "$(TARGET_NAME)";
				TEST_TARGET_NAME = "Tipping Kitty";
				USES_XCTRUNNER = YES;
			};
			name = Release;
		};
/* End XCBuildConfiguration section */

/* Begin XCConfigurationList section */
		CB2393AC1C81481600B6B593 /* Build configuration list for PBXProject "Tipping Kitty" */ = {
			isa = XCConfigurationList;
			buildConfigurations = (
				CB2393D71C81481700B6B593 /* Debug */,
				CB2393D81C81481700B6B593 /* Release */,
			);
			defaultConfigurationIsVisible = 0;
			defaultConfigurationName = Release;
		};
		CB2393D91C81481700B6B593 /* Build configuration list for PBXNativeTarget "Tipping Kitty" */ = {
			isa = XCConfigurationList;
			buildConfigurations = (
				CB2393DA1C81481700B6B593 /* Debug */,
				CB2393DB1C81481700B6B593 /* Release */,
			);
			defaultConfigurationIsVisible = 0;
			defaultConfigurationName = Release;
		};
		CB2393DC1C81481700B6B593 /* Build configuration list for PBXNativeTarget "Tipping KittyTests" */ = {
			isa = XCConfigurationList;
			buildConfigurations = (
				CB2393DD1C81481700B6B593 /* Debug */,
				CB2393DE1C81481700B6B593 /* Release */,
			);
			defaultConfigurationIsVisible = 0;
			defaultConfigurationName = Release;
		};
		CB2393DF1C81481700B6B593 /* Build configuration list for PBXNativeTarget "Tipping KittyUITests" */ = {
			isa = XCConfigurationList;
			buildConfigurations = (
				CB2393E01C81481700B6B593 /* Debug */,
				CB2393E11C81481700B6B593 /* Release */,
			);
			defaultConfigurationIsVisible = 0;
			defaultConfigurationName = Release;
		};
/* End XCConfigurationList section */
	};
	rootObject = CB2393A91C81481600B6B593 /* Project object */;
}
